
Microsoft Visual Studio Solution File, Format Version 12.00
# Visual Studio Version 17
VisualStudioVersion = 17.0.31903.59
MinimumVisualStudioVersion = 10.0.40219.1
Project("{2150E333-8FDC-42A3-9474-1A3956D46DE8}") = "src", "src", "{827E0CD3-B72D-47B6-A68D-7590B98EB39B}"
EndProject
Project("{FAE04EC0-301F-11D3-BF4B-00C04F79EFBC}") = "MedAvail.Common", "src\MedAvail.Common\MedAvail.Common.csproj", "{90EC46AB-5980-4752-9B71-4202FE8D4F8B}"
EndProject
Project("{FAE04EC0-301F-11D3-BF4B-00C04F79EFBC}") = "MedAvail.Business", "src\MedAvail.Business\MedAvail.Business.csproj", "{7FD734D2-DE33-4735-8D22-E4B6587CFEAD}"
EndProject
Project("{FAE04EC0-301F-11D3-BF4B-00C04F79EFBC}") = "MedAvail.DataAccess.Ado", "src\MedAvail.DataAccess.Ado\MedAvail.DataAccess.Ado.csproj", "{02F3F949-6AEE-4487-8DFF-FDB998F3432D}"
EndProject
Project("{FAE04EC0-301F-11D3-BF4B-00C04F79EFBC}") = "MedAvail.DataAccess.EfCore", "src\MedAvail.DataAccess.EfCore\MedAvail.DataAccess.EfCore.csproj", "{D47ACD22-C83A-44B5-968C-984188022855}"
EndProject
Project("{FAE04EC0-301F-11D3-BF4B-00C04F79EFBC}") = "MedAvail.DataAccess.Ef6", "src\MedAvail.DataAccess.Ef6\MedAvail.DataAccess.Ef6.csproj", "{2D8C5BB4-28D7-4260-AABF-343EAD547404}"
EndProject
Project("{2150E333-8FDC-42A3-9474-1A3956D46DE8}") = "test-runner", "test-runner", "{92F3925D-4364-FD9B-D2A3-A67D851B3C6C}"
EndProject
Project("{FAE04EC0-301F-11D3-BF4B-00C04F79EFBC}") = "MedAvail.TestRunner", "test-runner\MedAvail.TestRunner\MedAvail.TestRunner.csproj", "{DF106C50-EAAF-4DD6-8E0A-8ED80F9842EB}"
EndProject
Project("{2150E333-8FDC-42A3-9474-1A3956D46DE8}") = "tests", "tests", "{0AB3BF05-4346-4AA6-1389-037BE0695223}"
EndProject
Project("{FAE04EC0-301F-11D3-BF4B-00C04F79EFBC}") = "MedAvail.Business.Tests", "tests\MedAvail.Business.Tests\MedAvail.Business.Tests.csproj", "{A077AE20-A4B0-4A3C-84C3-01767ECD06F5}"
EndProject
Global
	GlobalSection(SolutionConfigurationPlatforms) = preSolution
		Debug|Any CPU = Debug|Any CPU
		Debug|x64 = Debug|x64
		Debug|x86 = Debug|x86
		Release|Any CPU = Release|Any CPU
		Release|x64 = Release|x64
		Release|x86 = Release|x86
	EndGlobalSection
	GlobalSection(ProjectConfigurationPlatforms) = postSolution
		{90EC46AB-5980-4752-9B71-4202FE8D4F8B}.Debug|Any CPU.ActiveCfg = Debug|Any CPU
		{90EC46AB-5980-4752-9B71-4202FE8D4F8B}.Debug|Any CPU.Build.0 = Debug|Any CPU
		{90EC46AB-5980-4752-9B71-4202FE8D4F8B}.Debug|x64.ActiveCfg = Debug|Any CPU
		{90EC46AB-5980-4752-9B71-4202FE8D4F8B}.Debug|x64.Build.0 = Debug|Any CPU
		{90EC46AB-5980-4752-9B71-4202FE8D4F8B}.Debug|x86.ActiveCfg = Debug|Any CPU
		{90EC46AB-5980-4752-9B71-4202FE8D4F8B}.Debug|x86.Build.0 = Debug|Any CPU
		{90EC46AB-5980-4752-9B71-4202FE8D4F8B}.Release|Any CPU.ActiveCfg = Release|Any CPU
		{90EC46AB-5980-4752-9B71-4202FE8D4F8B}.Release|Any CPU.Build.0 = Release|Any CPU
		{90EC46AB-5980-4752-9B71-4202FE8D4F8B}.Release|x64.ActiveCfg = Release|Any CPU
		{90EC46AB-5980-4752-9B71-4202FE8D4F8B}.Release|x64.Build.0 = Release|Any CPU
		{90EC46AB-5980-4752-9B71-4202FE8D4F8B}.Release|x86.ActiveCfg = Release|Any CPU
		{90EC46AB-5980-4752-9B71-4202FE8D4F8B}.Release|x86.Build.0 = Release|Any CPU
		{7FD734D2-DE33-4735-8D22-E4B6587CFEAD}.Debug|Any CPU.ActiveCfg = Debug|Any CPU
		{7FD734D2-DE33-4735-8D22-E4B6587CFEAD}.Debug|Any CPU.Build.0 = Debug|Any CPU
		{7FD734D2-DE33-4735-8D22-E4B6587CFEAD}.Debug|x64.ActiveCfg = Debug|Any CPU
		{7FD734D2-DE33-4735-8D22-E4B6587CFEAD}.Debug|x64.Build.0 = Debug|Any CPU
		{7FD734D2-DE33-4735-8D22-E4B6587CFEAD}.Debug|x86.ActiveCfg = Debug|Any CPU
		{7FD734D2-DE33-4735-8D22-E4B6587CFEAD}.Debug|x86.Build.0 = Debug|Any CPU
		{7FD734D2-DE33-4735-8D22-E4B6587CFEAD}.Release|Any CPU.ActiveCfg = Release|Any CPU
		{7FD734D2-DE33-4735-8D22-E4B6587CFEAD}.Release|Any CPU.Build.0 = Release|Any CPU
		{7FD734D2-DE33-4735-8D22-E4B6587CFEAD}.Release|x64.ActiveCfg = Release|Any CPU
		{7FD734D2-DE33-4735-8D22-E4B6587CFEAD}.Release|x64.Build.0 = Release|Any CPU
		{7FD734D2-DE33-4735-8D22-E4B6587CFEAD}.Release|x86.ActiveCfg = Release|Any CPU
		{7FD734D2-DE33-4735-8D22-E4B6587CFEAD}.Release|x86.Build.0 = Release|Any CPU
		{02F3F949-6AEE-4487-8DFF-FDB998F3432D}.Debug|Any CPU.ActiveCfg = Debug|Any CPU
		{02F3F949-6AEE-4487-8DFF-FDB998F3432D}.Debug|Any CPU.Build.0 = Debug|Any CPU
		{02F3F949-6AEE-4487-8DFF-FDB998F3432D}.Debug|x64.ActiveCfg = Debug|Any CPU
		{02F3F949-6AEE-4487-8DFF-FDB998F3432D}.Debug|x64.Build.0 = Debug|Any CPU
		{02F3F949-6AEE-4487-8DFF-FDB998F3432D}.Debug|x86.ActiveCfg = Debug|Any CPU
		{02F3F949-6AEE-4487-8DFF-FDB998F3432D}.Debug|x86.Build.0 = Debug|Any CPU
		{02F3F949-6AEE-4487-8DFF-FDB998F3432D}.Release|Any CPU.ActiveCfg = Release|Any CPU
		{02F3F949-6AEE-4487-8DFF-FDB998F3432D}.Release|Any CPU.Build.0 = Release|Any CPU
		{02F3F949-6AEE-4487-8DFF-FDB998F3432D}.Release|x64.ActiveCfg = Release|Any CPU
		{02F3F949-6AEE-4487-8DFF-FDB998F3432D}.Release|x64.Build.0 = Release|Any CPU
		{02F3F949-6AEE-4487-8DFF-FDB998F3432D}.Release|x86.ActiveCfg = Release|Any CPU
		{02F3F949-6AEE-4487-8DFF-FDB998F3432D}.Release|x86.Build.0 = Release|Any CPU
		{D47ACD22-C83A-44B5-968C-984188022855}.Debug|Any CPU.ActiveCfg = Debug|Any CPU
		{D47ACD22-C83A-44B5-968C-984188022855}.Debug|Any CPU.Build.0 = Debug|Any CPU
		{D47ACD22-C83A-44B5-968C-984188022855}.Debug|x64.ActiveCfg = Debug|Any CPU
		{D47ACD22-C83A-44B5-968C-984188022855}.Debug|x64.Build.0 = Debug|Any CPU
		{D47ACD22-C83A-44B5-968C-984188022855}.Debug|x86.ActiveCfg = Debug|Any CPU
		{D47ACD22-C83A-44B5-968C-984188022855}.Debug|x86.Build.0 = Debug|Any CPU
		{D47ACD22-C83A-44B5-968C-984188022855}.Release|Any CPU.ActiveCfg = Release|Any CPU
		{D47ACD22-C83A-44B5-968C-984188022855}.Release|Any CPU.Build.0 = Release|Any CPU
		{D47ACD22-C83A-44B5-968C-984188022855}.Release|x64.ActiveCfg = Release|Any CPU
		{D47ACD22-C83A-44B5-968C-984188022855}.Release|x64.Build.0 = Release|Any CPU
		{D47ACD22-C83A-44B5-968C-984188022855}.Release|x86.ActiveCfg = Release|Any CPU
		{D47ACD22-C83A-44B5-968C-984188022855}.Release|x86.Build.0 = Release|Any CPU
		{2D8C5BB4-28D7-4260-AABF-343EAD547404}.Debug|Any CPU.ActiveCfg = Debug|Any CPU
		{2D8C5BB4-28D7-4260-AABF-343EAD547404}.Debug|Any CPU.Build.0 = Debug|Any CPU
		{2D8C5BB4-28D7-4260-AABF-343EAD547404}.Debug|x64.ActiveCfg = Debug|Any CPU
		{2D8C5BB4-28D7-4260-AABF-343EAD547404}.Debug|x64.Build.0 = Debug|Any CPU
		{2D8C5BB4-28D7-4260-AABF-343EAD547404}.Debug|x86.ActiveCfg = Debug|Any CPU
		{2D8C5BB4-28D7-4260-AABF-343EAD547404}.Debug|x86.Build.0 = Debug|Any CPU
		{2D8C5BB4-28D7-4260-AABF-343EAD547404}.Release|Any CPU.ActiveCfg = Release|Any CPU
		{2D8C5BB4-28D7-4260-AABF-343EAD547404}.Release|Any CPU.Build.0 = Release|Any CPU
		{2D8C5BB4-28D7-4260-AABF-343EAD547404}.Release|x64.ActiveCfg = Release|Any CPU
		{2D8C5BB4-28D7-4260-AABF-343EAD547404}.Release|x64.Build.0 = Release|Any CPU
		{2D8C5BB4-28D7-4260-AABF-343EAD547404}.Release|x86.ActiveCfg = Release|Any CPU
		{2D8C5BB4-28D7-4260-AABF-343EAD547404}.Release|x86.Build.0 = Release|Any CPU
		{DF106C50-EAAF-4DD6-8E0A-8ED80F9842EB}.Debug|Any CPU.ActiveCfg = Debug|Any CPU
		{DF106C50-EAAF-4DD6-8E0A-8ED80F9842EB}.Debug|Any CPU.Build.0 = Debug|Any CPU
		{DF106C50-EAAF-4DD6-8E0A-8ED80F9842EB}.Debug|x64.ActiveCfg = Debug|Any CPU
		{DF106C50-EAAF-4DD6-8E0A-8ED80F9842EB}.Debug|x64.Build.0 = Debug|Any CPU
		{DF106C50-EAAF-4DD6-8E0A-8ED80F9842EB}.Debug|x86.ActiveCfg = Debug|Any CPU
		{DF106C50-EAAF-4DD6-8E0A-8ED80F9842EB}.Debug|x86.Build.0 = Debug|Any CPU
		{DF106C50-EAAF-4DD6-8E0A-8ED80F9842EB}.Release|Any CPU.ActiveCfg = Release|Any CPU
		{DF106C50-EAAF-4DD6-8E0A-8ED80F9842EB}.Release|Any CPU.Build.0 = Release|Any CPU
		{DF106C50-EAAF-4DD6-8E0A-8ED80F9842EB}.Release|x64.ActiveCfg = Release|Any CPU
		{DF106C50-EAAF-4DD6-8E0A-8ED80F9842EB}.Release|x64.Build.0 = Release|Any CPU
		{DF106C50-EAAF-4DD6-8E0A-8ED80F9842EB}.Release|x86.ActiveCfg = Release|Any CPU
		{DF106C50-EAAF-4DD6-8E0A-8ED80F9842EB}.Release|x86.Build.0 = Release|Any CPU
		{A077AE20-A4B0-4A3C-84C3-01767ECD06F5}.Debug|Any CPU.ActiveCfg = Debug|Any CPU
		{A077AE20-A4B0-4A3C-84C3-01767ECD06F5}.Debug|Any CPU.Build.0 = Debug|Any CPU
		{A077AE20-A4B0-4A3C-84C3-01767ECD06F5}.Debug|x64.ActiveCfg = Debug|Any CPU
		{A077AE20-A4B0-4A3C-84C3-01767ECD06F5}.Debug|x64.Build.0 = Debug|Any CPU
		{A077AE20-A4B0-4A3C-84C3-01767ECD06F5}.Debug|x86.ActiveCfg = Debug|Any CPU
		{A077AE20-A4B0-4A3C-84C3-01767ECD06F5}.Debug|x86.Build.0 = Debug|Any CPU
		{A077AE20-A4B0-4A3C-84C3-01767ECD06F5}.Release|Any CPU.ActiveCfg = Release|Any CPU
		{A077AE20-A4B0-4A3C-84C3-01767ECD06F5}.Release|Any CPU.Build.0 = Release|Any CPU
		{A077AE20-A4B0-4A3C-84C3-01767ECD06F5}.Release|x64.ActiveCfg = Release|Any CPU
		{A077AE20-A4B0-4A3C-84C3-01767ECD06F5}.Release|x64.Build.0 = Release|Any CPU
		{A077AE20-A4B0-4A3C-84C3-01767ECD06F5}.Release|x86.ActiveCfg = Release|Any CPU
		{A077AE20-A4B0-4A3C-84C3-01767ECD06F5}.Release|x86.Build.0 = Release|Any CPU
	EndGlobalSection
	GlobalSection(SolutionProperties) = preSolution
		HideSolutionNode = FALSE
	EndGlobalSection
	GlobalSection(NestedProjects) = preSolution
		{90EC46AB-5980-4752-9B71-4202FE8D4F8B} = {827E0CD3-B72D-47B6-A68D-7590B98EB39B}
		{7FD734D2-DE33-4735-8D22-E4B6587CFEAD} = {827E0CD3-B72D-47B6-A68D-7590B98EB39B}
		{02F3F949-6AEE-4487-8DFF-FDB998F3432D} = {827E0CD3-B72D-47B6-A68D-7590B98EB39B}
		{D47ACD22-C83A-44B5-968C-984188022855} = {827E0CD3-B72D-47B6-A68D-7590B98EB39B}
		{2D8C5BB4-28D7-4260-AABF-343EAD547404} = {827E0CD3-B72D-47B6-A68D-7590B98EB39B}
		{DF106C50-EAAF-4DD6-8E0A-8ED80F9842EB} = {92F3925D-4364-FD9B-D2A3-A67D851B3C6C}
		{A077AE20-A4B0-4A3C-84C3-01767ECD06F5} = {0AB3BF05-4346-4AA6-1389-037BE0695223}
	EndGlobalSection
EndGlobal
